
Microsoft Visual Studio Solution File, Format Version 12.00
# Visual Studio Version 16
VisualStudioVersion = 16.0.34902.97
MinimumVisualStudioVersion = 10.0.40219.1
Project("{888888A0-9F3D-457C-B088-3A5042F75D52}") = "atividade 4", "atividade 4\atividade 4.pyproj", "{6A368F38-6E3D-4928-8375-24BCC093FF33}"
EndProject
Global
	GlobalSection(SolutionConfigurationPlatforms) = preSolution
		Debug|Any CPU = Debug|Any CPU
		Release|Any CPU = Release|Any CPU
	EndGlobalSection
	GlobalSection(ProjectConfigurationPlatforms) = postSolution
		{6A368F38-6E3D-4928-8375-24BCC093FF33}.Debug|Any CPU.ActiveCfg = Debug|Any CPU
		{6A368F38-6E3D-4928-8375-24BCC093FF33}.Release|Any CPU.ActiveCfg = Release|Any CPU
	EndGlobalSection
	GlobalSection(SolutionProperties) = preSolution
		HideSolutionNode = FALSE
	EndGlobalSection
	GlobalSection(ExtensibilityGlobals) = postSolution
		SolutionGuid = {57B204C9-5DDC-4399-9DC2-ABA62AC3B3A3}
	EndGlobalSection
EndGlobal
